
Microsoft Visual Studio Solution File, Format Version 12.00
# Visual Studio Version 17
VisualStudioVersion = 17.14.36121.58 d17.14
MinimumVisualStudioVersion = 10.0.40219.1
Project("{FAE04EC0-301F-11D3-BF4B-00C04F79EFBC}") = "SumNatural", "SumNatural\SumNatural.csproj", "{9C43717D-9560-4E7B-A61F-E5FF365B70B0}"
EndProject
Global
	GlobalSection(SolutionConfigurationPlatforms) = preSolution
		Debug|Any CPU = Debug|Any CPU
		Release|Any CPU = Release|Any CPU
	EndGlobalSection
	GlobalSection(ProjectConfigurationPlatforms) = postSolution
		{9C43717D-9560-4E7B-A61F-E5FF365B70B0}.Debug|Any CPU.ActiveCfg = Debug|Any CPU
		{9C43717D-9560-4E7B-A61F-E5FF365B70B0}.Debug|Any CPU.Build.0 = Debug|Any CPU
		{9C43717D-9560-4E7B-A61F-E5FF365B70B0}.Release|Any CPU.ActiveCfg = Release|Any CPU
		{9C43717D-9560-4E7B-A61F-E5FF365B70B0}.Release|Any CPU.Build.0 = Release|Any CPU
	EndGlobalSection
	GlobalSection(SolutionProperties) = preSolution
		HideSolutionNode = FALSE
	EndGlobalSection
	GlobalSection(ExtensibilityGlobals) = postSolution
		SolutionGuid = {A338B985-1606-435D-B809-E26FEFD6C092}
	EndGlobalSection
EndGlobal
